<Solution>
  <Folder Name="/src/" />
  <Folder Name="/src/1.Api/">
    <Project Path="src/1.Api/JadeCapital.Host/JadeCapital.Host.csproj" />
  </Folder>
  <Folder Name="/src/2.Modules/" />
  <Folder Name="/src/2.Modules/Admin/">
    <Project Path="src/2.Modules/Admin/JadeCapital.Admin.Api/JadeCapital.Admin.Api.csproj" />
    <Project Path="src/2.Modules/Admin/JadeCapital.Admin.Application/JadeCapital.Admin.Application.csproj" />
    <Project Path="src/2.Modules/Admin/JadeCapital.Admin.Infrastructure/JadeCapital.Admin.Infrastructure.csproj" />
  </Folder>
  <Folder Name="/src/2.Modules/Billing/">
    <Project Path="src/2.Modules/Billing/JadeCapital.Billing.Application/JadeCapital.Billing.Application.csproj" />
    <Project Path="src/2.Modules/Billing/JadeCapital.Billing.Contracts/JadeCapital.Billing.Contracts.csproj" />
    <Project Path="src/2.Modules/Billing/JadeCapital.Billing.Domain/JadeCapital.Billing.Domain.csproj" />
    <Project Path="src/2.Modules/Billing/JadeCapital.Billing.Infrastructure/JadeCapital.Billing.Infrastructure.csproj" />
    <Project Path="src/2.Modules/Billing/JadeCapital.Billing.PublicApi/JadeCapital.Billing.PublicApi.csproj" />
  </Folder>
  <Folder Name="/src/2.Modules/Identity/">
    <Project Path="src/2.Modules/Identity/JadeCapital.Identity.Api/JadeCapital.Identity.Api.csproj" />
    <Project Path="src/2.Modules/Identity/JadeCapital.Identity.Application/JadeCapital.Identity.Application.csproj" />
    <Project Path="src/2.Modules/Identity/JadeCapital.Identity.Contracts/JadeCapital.Identity.Contracts.csproj" />
    <Project Path="src/2.Modules/Identity/JadeCapital.Identity.Domain/JadeCapital.Identity.Domain.csproj" />
    <Project Path="src/2.Modules/Identity/JadeCapital.Identity.Infrastructure/JadeCapital.Identity.Infrastructure.csproj" />
  </Folder>
  <Folder Name="/src/2.Modules/PublicPortal/">
    <Project Path="src/2.Modules/PublicPortal/JadeCapital.PublicPortal.Application/JadeCapital.PublicPortal.Application.csproj" />
    <Project Path="src/2.Modules/PublicPortal/JadeCapital.PublicPortal.Infrastructure/JadeCapital.PublicPortal.Infrastructure.csproj" />
  </Folder>
  <Folder Name="/src/2.Modules/Trading/">
    <Project Path="src/2.Modules/Trading/JadeCapital.Trading.Api/JadeCapital.Trading.Api.csproj" />
    <Project Path="src/2.Modules/Trading/JadeCapital.Trading.Application/JadeCapital.Trading.Application.csproj" />
    <Project Path="src/2.Modules/Trading/JadeCapital.Trading.Contracts/JadeCapital.Trading.Contracts.csproj" />
    <Project Path="src/2.Modules/Trading/JadeCapital.Trading.Domain/JadeCapital.Trading.Domain.csproj" />
    <Project Path="src/2.Modules/Trading/JadeCapital.Trading.Infrastructure/JadeCapital.Trading.Infrastructure.csproj" />
  </Folder>
  <Folder Name="/src/3.Shared/">
    <Project Path="src/3.Shared/JadeCapital.Shared.Infrastructure/JadeCapital.Shared.Infrastructure.csproj" />
    <Project Path="src/3.Shared/JadeCapital.Shared.Kernel/JadeCapital.Shared.Kernel.csproj" />
  </Folder>
  <Folder Name="/tests/" />
  <Folder Name="/tests/IntegrationTests/">
    <Project Path="tests/IntegrationTests/JadeCapital.Api.IntegrationTests/JadeCapital.Api.IntegrationTests.csproj" />
  </Folder>
  <Folder Name="/tests/UnitTests/">
    <Project Path="tests/UnitTests/JadeCapital.Billing.UnitTests/JadeCapital.Billing.UnitTests.csproj" />
    <Project Path="tests/UnitTests/JadeCapital.Identity.UnitTests/JadeCapital.Identity.UnitTests.csproj" />
    <Project Path="tests/UnitTests/JadeCapital.Shared.Kernel.UnitTests/JadeCapital.Shared.Kernel.UnitTests.csproj" />
    <Project Path="tests/UnitTests/JadeCapital.Trading.UnitTests/JadeCapital.Trading.UnitTests.csproj" />
  </Folder>
</Solution>
